
Microsoft Visual Studio Solution File, Format Version 12.00
# Visual Studio Version 17
VisualStudioVersion = 17.7.34031.279
MinimumVisualStudioVersion = 10.0.40219.1
Project("{FAE04EC0-301F-11D3-BF4B-00C04F79EFBC}") = "U5-W4-BuildWeek", "U5-W4-BuildWeek\U5-W4-BuildWeek.csproj", "{451BA40D-D414-44D4-B2D6-2077B1639D8F}"
EndProject
Global
	GlobalSection(SolutionConfigurationPlatforms) = preSolution
		Debug|Any CPU = Debug|Any CPU
		Release|Any CPU = Release|Any CPU
	EndGlobalSection
	GlobalSection(ProjectConfigurationPlatforms) = postSolution
		{451BA40D-D414-44D4-B2D6-2077B1639D8F}.Debug|Any CPU.ActiveCfg = Debug|Any CPU
		{451BA40D-D414-44D4-B2D6-2077B1639D8F}.Debug|Any CPU.Build.0 = Debug|Any CPU
		{451BA40D-D414-44D4-B2D6-2077B1639D8F}.Release|Any CPU.ActiveCfg = Release|Any CPU
		{451BA40D-D414-44D4-B2D6-2077B1639D8F}.Release|Any CPU.Build.0 = Release|Any CPU
	EndGlobalSection
	GlobalSection(SolutionProperties) = preSolution
		HideSolutionNode = FALSE
	EndGlobalSection
	GlobalSection(ExtensibilityGlobals) = postSolution
		SolutionGuid = {F3338911-19C2-43C0-89F8-01F94D56EDFD}
	EndGlobalSection
EndGlobal
